
Microsoft Visual Studio Solution File, Format Version 12.00
# Visual Studio Version 16
VisualStudioVersion = 25.0.1706.14
MinimumVisualStudioVersion = 10.0.40219.1
Project("{FAE04EC0-301F-11D3-BF4B-00C04F79EFBC}") = "Order.API", "Order.API\Order.API.csproj", "{325D2CFA-2D18-4E9C-AD74-F87465EBAC19}"
EndProject
Project("{FAE04EC0-301F-11D3-BF4B-00C04F79EFBC}") = "Payment.API", "Payment.API\Payment.API.csproj", "{EDE55589-34DE-4240-A9B7-7C06D33A141A}"
EndProject
Project("{FAE04EC0-301F-11D3-BF4B-00C04F79EFBC}") = "Shared", "Shared\Shared.csproj", "{E7FA22D5-1F39-4AA1-A188-257BC9C1AA1B}"
EndProject
Project("{FAE04EC0-301F-11D3-BF4B-00C04F79EFBC}") = "Stock.API", "Stock.API\Stock.API.csproj", "{9733512A-2D70-4BEF-8C06-CAF109C7A09C}"
EndProject
Project("{FAE04EC0-301F-11D3-BF4B-00C04F79EFBC}") = "SagaStateMachine.Service", "SagaStateMachine.Service\SagaStateMachine.Service.csproj", "{D6DC6E60-C77E-4BFF-9529-B7F8723D01DD}"
EndProject
Global
	GlobalSection(SolutionConfigurationPlatforms) = preSolution
		Debug|Any CPU = Debug|Any CPU
		Release|Any CPU = Release|Any CPU
	EndGlobalSection
	GlobalSection(ProjectConfigurationPlatforms) = postSolution
		{325D2CFA-2D18-4E9C-AD74-F87465EBAC19}.Debug|Any CPU.ActiveCfg = Debug|Any CPU
		{325D2CFA-2D18-4E9C-AD74-F87465EBAC19}.Debug|Any CPU.Build.0 = Debug|Any CPU
		{325D2CFA-2D18-4E9C-AD74-F87465EBAC19}.Release|Any CPU.ActiveCfg = Release|Any CPU
		{325D2CFA-2D18-4E9C-AD74-F87465EBAC19}.Release|Any CPU.Build.0 = Release|Any CPU
		{EDE55589-34DE-4240-A9B7-7C06D33A141A}.Debug|Any CPU.ActiveCfg = Debug|Any CPU
		{EDE55589-34DE-4240-A9B7-7C06D33A141A}.Debug|Any CPU.Build.0 = Debug|Any CPU
		{EDE55589-34DE-4240-A9B7-7C06D33A141A}.Release|Any CPU.ActiveCfg = Release|Any CPU
		{EDE55589-34DE-4240-A9B7-7C06D33A141A}.Release|Any CPU.Build.0 = Release|Any CPU
		{E7FA22D5-1F39-4AA1-A188-257BC9C1AA1B}.Debug|Any CPU.ActiveCfg = Debug|Any CPU
		{E7FA22D5-1F39-4AA1-A188-257BC9C1AA1B}.Debug|Any CPU.Build.0 = Debug|Any CPU
		{E7FA22D5-1F39-4AA1-A188-257BC9C1AA1B}.Release|Any CPU.ActiveCfg = Release|Any CPU
		{E7FA22D5-1F39-4AA1-A188-257BC9C1AA1B}.Release|Any CPU.Build.0 = Release|Any CPU
		{9733512A-2D70-4BEF-8C06-CAF109C7A09C}.Debug|Any CPU.ActiveCfg = Debug|Any CPU
		{9733512A-2D70-4BEF-8C06-CAF109C7A09C}.Debug|Any CPU.Build.0 = Debug|Any CPU
		{9733512A-2D70-4BEF-8C06-CAF109C7A09C}.Release|Any CPU.ActiveCfg = Release|Any CPU
		{9733512A-2D70-4BEF-8C06-CAF109C7A09C}.Release|Any CPU.Build.0 = Release|Any CPU
		{D6DC6E60-C77E-4BFF-9529-B7F8723D01DD}.Debug|Any CPU.ActiveCfg = Debug|Any CPU
		{D6DC6E60-C77E-4BFF-9529-B7F8723D01DD}.Debug|Any CPU.Build.0 = Debug|Any CPU
		{D6DC6E60-C77E-4BFF-9529-B7F8723D01DD}.Release|Any CPU.ActiveCfg = Release|Any CPU
		{D6DC6E60-C77E-4BFF-9529-B7F8723D01DD}.Release|Any CPU.Build.0 = Release|Any CPU
	EndGlobalSection
	GlobalSection(SolutionProperties) = preSolution
		HideSolutionNode = FALSE
	EndGlobalSection
	GlobalSection(ExtensibilityGlobals) = postSolution
		SolutionGuid = {19AF687A-41C4-4964-8454-D6A2F0335E58}
	EndGlobalSection
EndGlobal
